
Microsoft Visual Studio Solution File, Format Version 12.00
# Visual Studio 14
VisualStudioVersion = 14.0.25420.1
MinimumVisualStudioVersion = 10.0.40219.1
Project("{FAE04EC0-301F-11D3-BF4B-00C04F79EFBC}") = "fibonacai", "fibonacai\fibonacai.csproj", "{B1BE4F79-EC32-48E7-8A10-3743286C297E}"
EndProject
Global
	GlobalSection(SolutionConfigurationPlatforms) = preSolution
		Debug|Any CPU = Debug|Any CPU
		Release|Any CPU = Release|Any CPU
	EndGlobalSection
	GlobalSection(ProjectConfigurationPlatforms) = postSolution
		{B1BE4F79-EC32-48E7-8A10-3743286C297E}.Debug|Any CPU.ActiveCfg = Debug|Any CPU
		{B1BE4F79-EC32-48E7-8A10-3743286C297E}.Debug|Any CPU.Build.0 = Debug|Any CPU
		{B1BE4F79-EC32-48E7-8A10-3743286C297E}.Release|Any CPU.ActiveCfg = Release|Any CPU
		{B1BE4F79-EC32-48E7-8A10-3743286C297E}.Release|Any CPU.Build.0 = Release|Any CPU
	EndGlobalSection
	GlobalSection(SolutionProperties) = preSolution
		HideSolutionNode = FALSE
	EndGlobalSection
EndGlobal
