
Microsoft Visual Studio Solution File, Format Version 12.00
# Visual Studio 14
VisualStudioVersion = 14.0.25420.1
MinimumVisualStudioVersion = 10.0.40219.1
Project("{FAE04EC0-301F-11D3-BF4B-00C04F79EFBC}") = "bubblesort2", "bubblesort2\bubblesort2.csproj", "{EE9C7BD2-2C0A-4E00-B0AB-E931904C2DCE}"
EndProject
Global
	GlobalSection(SolutionConfigurationPlatforms) = preSolution
		Debug|Any CPU = Debug|Any CPU
		Release|Any CPU = Release|Any CPU
	EndGlobalSection
	GlobalSection(ProjectConfigurationPlatforms) = postSolution
		{EE9C7BD2-2C0A-4E00-B0AB-E931904C2DCE}.Debug|Any CPU.ActiveCfg = Debug|Any CPU
		{EE9C7BD2-2C0A-4E00-B0AB-E931904C2DCE}.Debug|Any CPU.Build.0 = Debug|Any CPU
		{EE9C7BD2-2C0A-4E00-B0AB-E931904C2DCE}.Release|Any CPU.ActiveCfg = Release|Any CPU
		{EE9C7BD2-2C0A-4E00-B0AB-E931904C2DCE}.Release|Any CPU.Build.0 = Release|Any CPU
	EndGlobalSection
	GlobalSection(SolutionProperties) = preSolution
		HideSolutionNode = FALSE
	EndGlobalSection
EndGlobal
